
Microsoft Visual Studio Solution File, Format Version 12.00
# Visual Studio Version 16
VisualStudioVersion = 16.0.29926.136
MinimumVisualStudioVersion = 10.0.40219.1
Project("{8BC9CEB8-8B4A-11D0-8D11-00A0C91BC942}") = "GameSnake", "GameSnake\GameSnake.vcxproj", "{E5DAD0F1-18C0-42BD-B891-240EA5F95555}"
EndProject
Global
	GlobalSection(SolutionConfigurationPlatforms) = preSolution
		Debug|x64 = Debug|x64
		Debug|x86 = Debug|x86
		Release|x64 = Release|x64
		Release|x86 = Release|x86
	EndGlobalSection
	GlobalSection(ProjectConfigurationPlatforms) = postSolution
		{E5DAD0F1-18C0-42BD-B891-240EA5F95555}.Debug|x64.ActiveCfg = Debug|x64
		{E5DAD0F1-18C0-42BD-B891-240EA5F95555}.Debug|x64.Build.0 = Debug|x64
		{E5DAD0F1-18C0-42BD-B891-240EA5F95555}.Debug|x86.ActiveCfg = Debug|Win32
		{E5DAD0F1-18C0-42BD-B891-240EA5F95555}.Debug|x86.Build.0 = Debug|Win32
		{E5DAD0F1-18C0-42BD-B891-240EA5F95555}.Release|x64.ActiveCfg = Release|x64
		{E5DAD0F1-18C0-42BD-B891-240EA5F95555}.Release|x64.Build.0 = Release|x64
		{E5DAD0F1-18C0-42BD-B891-240EA5F95555}.Release|x86.ActiveCfg = Release|Win32
		{E5DAD0F1-18C0-42BD-B891-240EA5F95555}.Release|x86.Build.0 = Release|Win32
	EndGlobalSection
	GlobalSection(SolutionProperties) = preSolution
		HideSolutionNode = FALSE
	EndGlobalSection
	GlobalSection(ExtensibilityGlobals) = postSolution
		SolutionGuid = {FEAFA3A4-3BEC-44F0-821F-43389EE6AC18}
	EndGlobalSection
EndGlobal
